<?xml version="1.0" encoding="utf-8"?>
<Project ToolsVersion="4.0" xmlns="http://schemas.microsoft.com/developer/msbuild/2003">
  <ItemGroup>
    <Filter Include="Source files">
      <UniqueIdentifier>{ba6eee71-6a15-4737-af75-c93e941587dd}</UniqueIdentifier>
      <Extensions>.c</Extensions>
    </Filter>
    <Filter Include="Include files">
      <UniqueIdentifier>{daf1c977-f245-4e98-87ee-9112a4c11034}</UniqueIdentifier>
      <Extensions>.h</Extensions>
    </Filter>
    <Filter Include="Misc files">
      <UniqueIdentifier>{1278fb2e-b6fe-44c1-9ba5-42d9293334d9}</UniqueIdentifier>
      <Extensions>.txt .ini</Extensions>
    </Filter>
    <Filter Include="RakNetHeaders">
      <UniqueIdentifier>{9dcaf02e-609b-4848-95b6-a846c91ed5f2}</UniqueIdentifier>
    </Filter>
  </ItemGroup>
  <ItemGroup>
    <ClCompile Include="dll.c">
      <Filter>Source files</Filter>
    </ClCompile>
    <ClCompile Include="font.c">
      <Filter>Source files</Filter>
    </ClCompile>
    <ClCompile Include="glwrapper.c">
      <Filter>Source files</Filter>
    </ClCompile>
    <ClCompile Include="input.c">
      <Filter>Source files</Filter>
    </ClCompile>
    <ClCompile Include="log.c">
      <Filter>Source files</Filter>
    </ClCompile>
    <ClCompile Include="gltrace.cpp">
      <Filter>Source files</Filter>
    </ClCompile>
  </ItemGroup>
  <ItemGroup>
    <ClInclude Include="dll.h">
      <Filter>Include files</Filter>
    </ClInclude>
    <ClInclude Include="ext.h">
      <Filter>Include files</Filter>
    </ClInclude>
    <ClInclude Include="gl.h">
      <Filter>Include files</Filter>
    </ClInclude>
    <ClInclude Include="gltrace.h">
      <Filter>Include files</Filter>
    </ClInclude>
    <ClInclude Include="input.h">
      <Filter>Include files</Filter>
    </ClInclude>
    <ClInclude Include="nl.h">
      <Filter>Include files</Filter>
    </ClInclude>
    <ClInclude Include="..\raknet\Source\_FindFirst.h">
      <Filter>RakNetHeaders</Filter>
    </ClInclude>
    <ClInclude Include="..\raknet\Source\AutopatcherPatchContext.h">
      <Filter>RakNetHeaders</Filter>
    </ClInclude>
    <ClInclude Include="..\raknet\Source\AutopatcherRepositoryInterface.h">
      <Filter>RakNetHeaders</Filter>
    </ClInclude>
    <ClInclude Include="..\raknet\Source\BitStream.h">
      <Filter>RakNetHeaders</Filter>
    </ClInclude>
    <ClInclude Include="..\raknet\Source\CCRakNetSlidingWindow.h">
      <Filter>RakNetHeaders</Filter>
    </ClInclude>
    <ClInclude Include="..\raknet\Source\CCRakNetUDT.h">
      <Filter>RakNetHeaders</Filter>
    </ClInclude>
    <ClInclude Include="..\raknet\Source\CheckSum.h">
      <Filter>RakNetHeaders</Filter>
    </ClInclude>
    <ClInclude Include="..\raknet\Source\CommandParserInterface.h">
      <Filter>RakNetHeaders</Filter>
    </ClInclude>
    <ClInclude Include="..\raknet\Source\ConnectionGraph2.h">
      <Filter>RakNetHeaders</Filter>
    </ClInclude>
    <ClInclude Include="..\raknet\Source\ConsoleServer.h">
      <Filter>RakNetHeaders</Filter>
    </ClInclude>
    <ClInclude Include="..\raknet\Source\DataCompressor.h">
      <Filter>RakNetHeaders</Filter>
    </ClInclude>
    <ClInclude Include="..\raknet\Source\DirectoryDeltaTransfer.h">
      <Filter>RakNetHeaders</Filter>
    </ClInclude>
    <ClInclude Include="..\raknet\Source\DS_BinarySearchTree.h">
      <Filter>RakNetHeaders</Filter>
    </ClInclude>
    <ClInclude Include="..\raknet\Source\DS_BPlusTree.h">
      <Filter>RakNetHeaders</Filter>
    </ClInclude>
    <ClInclude Include="..\raknet\Source\DS_BytePool.h">
      <Filter>RakNetHeaders</Filter>
    </ClInclude>
    <ClInclude Include="..\raknet\Source\DS_ByteQueue.h">
      <Filter>RakNetHeaders</Filter>
    </ClInclude>
    <ClInclude Include="..\raknet\Source\DS_Heap.h">
      <Filter>RakNetHeaders</Filter>
    </ClInclude>
    <ClInclude Include="..\raknet\Source\DS_HuffmanEncodingTree.h">
      <Filter>RakNetHeaders</Filter>
    </ClInclude>
    <ClInclude Include="..\raknet\Source\DS_HuffmanEncodingTreeFactory.h">
      <Filter>RakNetHeaders</Filter>
    </ClInclude>
    <ClInclude Include="..\raknet\Source\DS_HuffmanEncodingTreeNode.h">
      <Filter>RakNetHeaders</Filter>
    </ClInclude>
    <ClInclude Include="..\raknet\Source\DS_LinkedList.h">
      <Filter>RakNetHeaders</Filter>
    </ClInclude>
    <ClInclude Include="..\raknet\Source\DS_List.h">
      <Filter>RakNetHeaders</Filter>
    </ClInclude>
    <ClInclude Include="..\raknet\Source\DS_Map.h">
      <Filter>RakNetHeaders</Filter>
    </ClInclude>
    <ClInclude Include="..\raknet\Source\DS_MemoryPool.h">
      <Filter>RakNetHeaders</Filter>
    </ClInclude>
    <ClInclude Include="..\raknet\Source\DS_Multilist.h">
      <Filter>RakNetHeaders</Filter>
    </ClInclude>
    <ClInclude Include="..\raknet\Source\DS_OrderedChannelHeap.h">
      <Filter>RakNetHeaders</Filter>
    </ClInclude>
    <ClInclude Include="..\raknet\Source\DS_OrderedList.h">
      <Filter>RakNetHeaders</Filter>
    </ClInclude>
    <ClInclude Include="..\raknet\Source\DS_Queue.h">
      <Filter>RakNetHeaders</Filter>
    </ClInclude>
    <ClInclude Include="..\raknet\Source\DS_QueueLinkedList.h">
      <Filter>RakNetHeaders</Filter>
    </ClInclude>
    <ClInclude Include="..\raknet\Source\DS_RangeList.h">
      <Filter>RakNetHeaders</Filter>
    </ClInclude>
    <ClInclude Include="..\raknet\Source\DS_StringKeyedHash.h">
      <Filter>RakNetHeaders</Filter>
    </ClInclude>
    <ClInclude Include="..\raknet\Source\DS_Table.h">
      <Filter>RakNetHeaders</Filter>
    </ClInclude>
    <ClInclude Include="..\raknet\Source\DS_ThreadsafeAllocatingQueue.h">
      <Filter>RakNetHeaders</Filter>
    </ClInclude>
    <ClInclude Include="..\raknet\Source\DS_Tree.h">
      <Filter>RakNetHeaders</Filter>
    </ClInclude>
    <ClInclude Include="..\raknet\Source\DS_WeightedGraph.h">
      <Filter>RakNetHeaders</Filter>
    </ClInclude>
    <ClInclude Include="..\raknet\Source\EmailSender.h">
      <Filter>RakNetHeaders</Filter>
    </ClInclude>
    <ClInclude Include="..\raknet\Source\EpochTimeToString.h">
      <Filter>RakNetHeaders</Filter>
    </ClInclude>
    <ClInclude Include="..\raknet\Source\Export.h">
      <Filter>RakNetHeaders</Filter>
    </ClInclude>
    <ClInclude Include="..\raknet\Source\FileList.h">
      <Filter>RakNetHeaders</Filter>
    </ClInclude>
    <ClInclude Include="..\raknet\Source\FileListNodeContext.h">
      <Filter>RakNetHeaders</Filter>
    </ClInclude>
    <ClInclude Include="..\raknet\Source\FileListTransfer.h">
      <Filter>RakNetHeaders</Filter>
    </ClInclude>
    <ClInclude Include="..\raknet\Source\FileListTransferCBInterface.h">
      <Filter>RakNetHeaders</Filter>
    </ClInclude>
    <ClInclude Include="..\raknet\Source\FileOperations.h">
      <Filter>RakNetHeaders</Filter>
    </ClInclude>
    <ClInclude Include="..\raknet\Source\FormatString.h">
      <Filter>RakNetHeaders</Filter>
    </ClInclude>
    <ClInclude Include="..\raknet\Source\FullyConnectedMesh2.h">
      <Filter>RakNetHeaders</Filter>
    </ClInclude>
    <ClInclude Include="..\raknet\Source\Getche.h">
      <Filter>RakNetHeaders</Filter>
    </ClInclude>
    <ClInclude Include="..\raknet\Source\Gets.h">
      <Filter>RakNetHeaders</Filter>
    </ClInclude>
    <ClInclude Include="..\raknet\Source\GetTime.h">
      <Filter>RakNetHeaders</Filter>
    </ClInclude>
    <ClInclude Include="..\raknet\Source\gettimeofday.h">
      <Filter>RakNetHeaders</Filter>
    </ClInclude>
    <ClInclude Include="..\raknet\Source\GridSectorizer.h">
      <Filter>RakNetHeaders</Filter>
    </ClInclude>
    <ClInclude Include="..\raknet\Source\HTTPConnection.h">
      <Filter>RakNetHeaders</Filter>
    </ClInclude>
    <ClInclude Include="..\raknet\Source\IncrementalReadInterface.h">
      <Filter>RakNetHeaders</Filter>
    </ClInclude>
    <ClInclude Include="..\raknet\Source\InternalPacket.h">
      <Filter>RakNetHeaders</Filter>
    </ClInclude>
    <ClInclude Include="..\raknet\Source\Itoa.h">
      <Filter>RakNetHeaders</Filter>
    </ClInclude>
    <ClInclude Include="..\raknet\Source\Kbhit.h">
      <Filter>RakNetHeaders</Filter>
    </ClInclude>
    <ClInclude Include="..\raknet\Source\LinuxStrings.h">
      <Filter>RakNetHeaders</Filter>
    </ClInclude>
    <ClInclude Include="..\raknet\Source\LogCommandParser.h">
      <Filter>RakNetHeaders</Filter>
    </ClInclude>
    <ClInclude Include="..\raknet\Source\MessageFilter.h">
      <Filter>RakNetHeaders</Filter>
    </ClInclude>
    <ClInclude Include="..\raknet\Source\MessageIdentifiers.h">
      <Filter>RakNetHeaders</Filter>
    </ClInclude>
    <ClInclude Include="..\raknet\Source\MTUSize.h">
      <Filter>RakNetHeaders</Filter>
    </ClInclude>
    <ClInclude Include="..\raknet\Source\NativeFeatureIncludes.h">
      <Filter>RakNetHeaders</Filter>
    </ClInclude>
    <ClInclude Include="..\raknet\Source\NativeFeatureIncludesOverrides.h">
      <Filter>RakNetHeaders</Filter>
    </ClInclude>
    <ClInclude Include="..\raknet\Source\NativeTypes.h">
      <Filter>RakNetHeaders</Filter>
    </ClInclude>
    <ClInclude Include="..\raknet\Source\NatPunchthroughClient.h">
      <Filter>RakNetHeaders</Filter>
    </ClInclude>
    <ClInclude Include="..\raknet\Source\NatPunchthroughServer.h">
      <Filter>RakNetHeaders</Filter>
    </ClInclude>
    <ClInclude Include="..\raknet\Source\NatTypeDetectionClient.h">
      <Filter>RakNetHeaders</Filter>
    </ClInclude>
    <ClInclude Include="..\raknet\Source\NatTypeDetectionCommon.h">
      <Filter>RakNetHeaders</Filter>
    </ClInclude>
    <ClInclude Include="..\raknet\Source\NatTypeDetectionServer.h">
      <Filter>RakNetHeaders</Filter>
    </ClInclude>
    <ClInclude Include="..\raknet\Source\NetworkIDManager.h">
      <Filter>RakNetHeaders</Filter>
    </ClInclude>
    <ClInclude Include="..\raknet\Source\NetworkIDObject.h">
      <Filter>RakNetHeaders</Filter>
    </ClInclude>
    <ClInclude Include="..\raknet\Source\PacketConsoleLogger.h">
      <Filter>RakNetHeaders</Filter>
    </ClInclude>
    <ClInclude Include="..\raknet\Source\PacketFileLogger.h">
      <Filter>RakNetHeaders</Filter>
    </ClInclude>
    <ClInclude Include="..\raknet\Source\PacketizedTCP.h">
      <Filter>RakNetHeaders</Filter>
    </ClInclude>
    <ClInclude Include="..\raknet\Source\PacketLogger.h">
      <Filter>RakNetHeaders</Filter>
    </ClInclude>
    <ClInclude Include="..\raknet\Source\PacketOutputWindowLogger.h">
      <Filter>RakNetHeaders</Filter>
    </ClInclude>
    <ClInclude Include="..\raknet\Source\PacketPool.h">
      <Filter>RakNetHeaders</Filter>
    </ClInclude>
    <ClInclude Include="..\raknet\Source\PacketPriority.h">
      <Filter>RakNetHeaders</Filter>
    </ClInclude>
    <ClInclude Include="..\raknet\Source\PluginInterface2.h">
      <Filter>RakNetHeaders</Filter>
    </ClInclude>
    <ClInclude Include="..\raknet\Source\RakAlloca.h">
      <Filter>RakNetHeaders</Filter>
    </ClInclude>
    <ClInclude Include="..\raknet\Source\RakAssert.h">
      <Filter>RakNetHeaders</Filter>
    </ClInclude>
    <ClInclude Include="..\raknet\Source\RakMemoryOverride.h">
      <Filter>RakNetHeaders</Filter>
    </ClInclude>
    <ClInclude Include="..\raknet\Source\RakNetCommandParser.h">
      <Filter>RakNetHeaders</Filter>
    </ClInclude>
    <ClInclude Include="..\raknet\Source\RakNetDefines.h">
      <Filter>RakNetHeaders</Filter>
    </ClInclude>
    <ClInclude Include="..\raknet\Source\RakNetDefinesOverrides.h">
      <Filter>RakNetHeaders</Filter>
    </ClInclude>
    <ClInclude Include="..\raknet\Source\RakNetSmartPtr.h">
      <Filter>RakNetHeaders</Filter>
    </ClInclude>
    <ClInclude Include="..\raknet\Source\RakNetSocket.h">
      <Filter>RakNetHeaders</Filter>
    </ClInclude>
    <ClInclude Include="..\raknet\Source\RakNetStatistics.h">
      <Filter>RakNetHeaders</Filter>
    </ClInclude>
    <ClInclude Include="..\raknet\Source\RakNetTime.h">
      <Filter>RakNetHeaders</Filter>
    </ClInclude>
    <ClInclude Include="..\raknet\Source\RakNetTransport2.h">
      <Filter>RakNetHeaders</Filter>
    </ClInclude>
    <ClInclude Include="..\raknet\Source\RakNetTypes.h">
      <Filter>RakNetHeaders</Filter>
    </ClInclude>
    <ClInclude Include="..\raknet\Source\RakNetVersion.h">
      <Filter>RakNetHeaders</Filter>
    </ClInclude>
    <ClInclude Include="..\raknet\Source\RakPeer.h">
      <Filter>RakNetHeaders</Filter>
    </ClInclude>
    <ClInclude Include="..\raknet\Source\RakPeerInterface.h">
      <Filter>RakNetHeaders</Filter>
    </ClInclude>
    <ClInclude Include="..\raknet\Source\RakSleep.h">
      <Filter>RakNetHeaders</Filter>
    </ClInclude>
    <ClInclude Include="..\raknet\Source\RakString.h">
      <Filter>RakNetHeaders</Filter>
    </ClInclude>
    <ClInclude Include="..\raknet\Source\RakThread.h">
      <Filter>RakNetHeaders</Filter>
    </ClInclude>
    <ClInclude Include="..\raknet\Source\Rand.h">
      <Filter>RakNetHeaders</Filter>
    </ClInclude>
    <ClInclude Include="..\raknet\Source\rdlmalloc.h">
      <Filter>RakNetHeaders</Filter>
    </ClInclude>
    <ClInclude Include="..\raknet\Source\rdlmalloc-options.h">
      <Filter>RakNetHeaders</Filter>
    </ClInclude>
    <ClInclude Include="..\raknet\Source\ReadyEvent.h">
      <Filter>RakNetHeaders</Filter>
    </ClInclude>
    <ClInclude Include="..\raknet\Source\RefCountedObj.h">
      <Filter>RakNetHeaders</Filter>
    </ClInclude>
    <ClInclude Include="..\raknet\Source\ReliabilityLayer.h">
      <Filter>RakNetHeaders</Filter>
    </ClInclude>
    <ClInclude Include="..\raknet\Source\Replica.h">
      <Filter>RakNetHeaders</Filter>
    </ClInclude>
    <ClInclude Include="..\raknet\Source\ReplicaEnums.h">
      <Filter>RakNetHeaders</Filter>
    </ClInclude>
    <ClInclude Include="..\raknet\Source\ReplicaManager3.h">
      <Filter>RakNetHeaders</Filter>
    </ClInclude>
    <ClInclude Include="..\raknet\Source\Router2.h">
      <Filter>RakNetHeaders</Filter>
    </ClInclude>
    <ClInclude Include="..\raknet\Source\RPC4Plugin.h">
      <Filter>RakNetHeaders</Filter>
    </ClInclude>
    <ClInclude Include="..\raknet\Source\SecureHandshake.h">
      <Filter>RakNetHeaders</Filter>
    </ClInclude>
    <ClInclude Include="..\raknet\Source\SendToThread.h">
      <Filter>RakNetHeaders</Filter>
    </ClInclude>
    <ClInclude Include="..\raknet\Source\SHA1.h">
      <Filter>RakNetHeaders</Filter>
    </ClInclude>
    <ClInclude Include="..\raknet\Source\SignaledEvent.h">
      <Filter>RakNetHeaders</Filter>
    </ClInclude>
    <ClInclude Include="..\raknet\Source\SimpleMutex.h">
      <Filter>RakNetHeaders</Filter>
    </ClInclude>
    <ClInclude Include="..\raknet\Source\SimpleTCPServer.h">
      <Filter>RakNetHeaders</Filter>
    </ClInclude>
    <ClInclude Include="..\raknet\Source\SingleProducerConsumer.h">
      <Filter>RakNetHeaders</Filter>
    </ClInclude>
    <ClInclude Include="..\raknet\Source\SocketIncludes.h">
      <Filter>RakNetHeaders</Filter>
    </ClInclude>
    <ClInclude Include="..\raknet\Source\SocketLayer.h">
      <Filter>RakNetHeaders</Filter>
    </ClInclude>
    <ClInclude Include="..\raknet\Source\StringCompressor.h">
      <Filter>RakNetHeaders</Filter>
    </ClInclude>
    <ClInclude Include="..\raknet\Source\StringTable.h">
      <Filter>RakNetHeaders</Filter>
    </ClInclude>
    <ClInclude Include="..\raknet\Source\SuperFastHash.h">
      <Filter>RakNetHeaders</Filter>
    </ClInclude>
    <ClInclude Include="..\raknet\Source\TableSerializer.h">
      <Filter>RakNetHeaders</Filter>
    </ClInclude>
    <ClInclude Include="..\raknet\Source\TCPInterface.h">
      <Filter>RakNetHeaders</Filter>
    </ClInclude>
    <ClInclude Include="..\raknet\Source\TeamBalancer.h">
      <Filter>RakNetHeaders</Filter>
    </ClInclude>
    <ClInclude Include="..\raknet\Source\TelnetTransport.h">
      <Filter>RakNetHeaders</Filter>
    </ClInclude>
    <ClInclude Include="..\raknet\Source\ThreadPool.h">
      <Filter>RakNetHeaders</Filter>
    </ClInclude>
    <ClInclude Include="..\raknet\Source\ThreadsafePacketLogger.h">
      <Filter>RakNetHeaders</Filter>
    </ClInclude>
    <ClInclude Include="..\raknet\Source\TransportInterface.h">
      <Filter>RakNetHeaders</Filter>
    </ClInclude>
    <ClInclude Include="..\raknet\Source\UDPForwarder.h">
      <Filter>RakNetHeaders</Filter>
    </ClInclude>
    <ClInclude Include="..\raknet\Source\UDPProxyClient.h">
      <Filter>RakNetHeaders</Filter>
    </ClInclude>
    <ClInclude Include="..\raknet\Source\UDPProxyCommon.h">
      <Filter>RakNetHeaders</Filter>
    </ClInclude>
    <ClInclude Include="..\raknet\Source\UDPProxyCoordinator.h">
      <Filter>RakNetHeaders</Filter>
    </ClInclude>
    <ClInclude Include="..\raknet\Source\UDPProxyServer.h">
      <Filter>RakNetHeaders</Filter>
    </ClInclude>
    <ClInclude Include="..\raknet\Source\VariableDeltaSerializer.h">
      <Filter>RakNetHeaders</Filter>
    </ClInclude>
    <ClInclude Include="..\raknet\Source\VariableListDeltaTracker.h">
      <Filter>RakNetHeaders</Filter>
    </ClInclude>
    <ClInclude Include="..\raknet\Source\VariadicSQLParser.h">
      <Filter>RakNetHeaders</Filter>
    </ClInclude>
    <ClInclude Include="..\raknet\Source\WindowsIncludes.h">
      <Filter>RakNetHeaders</Filter>
    </ClInclude>
    <ClInclude Include="..\raknet\Source\WSAStartupSingleton.h">
      <Filter>RakNetHeaders</Filter>
    </ClInclude>
  </ItemGroup>
  <ItemGroup>
    <CustomBuild Include="GLTRACE.INI">
      <Filter>Misc files</Filter>
    </CustomBuild>
    <CustomBuild Include="readme.txt">
      <Filter>Misc files</Filter>
    </CustomBuild>
    <CustomBuild Include="gltrace.def" />
  </ItemGroup>
</Project>