
Microsoft Visual Studio Solution File, Format Version 11.00
# Visual Studio 2010
Project("{8BC9CEB8-8B4A-11D0-8D11-00A0C91BC942}") = "GLTrace2", "GLTrace2.vcxproj", "{74D6A9C3-BC34-E9A8-C189-D347035A4A85}"
EndProject
Global
	GlobalSection(SolutionConfigurationPlatforms) = preSolution
		Debug|Win32 = Debug|Win32
		Release|Win32 = Release|Win32
	EndGlobalSection
	GlobalSection(ProjectConfigurationPlatforms) = postSolution
		{74D6A9C3-BC34-E9A8-C189-D347035A4A85}.Debug|Win32.ActiveCfg = Debug|Win32
		{74D6A9C3-BC34-E9A8-C189-D347035A4A85}.Debug|Win32.Build.0 = Debug|Win32
		{74D6A9C3-BC34-E9A8-C189-D347035A4A85}.Release|Win32.ActiveCfg = Release|Win32
		{74D6A9C3-BC34-E9A8-C189-D347035A4A85}.Release|Win32.Build.0 = Release|Win32
	EndGlobalSection
	GlobalSection(SolutionProperties) = preSolution
		HideSolutionNode = FALSE
	EndGlobalSection
EndGlobal
