
Microsoft Visual Studio Solution File, Format Version 11.00
# Visual Studio 2010
Project("{8BC9CEB8-8B4A-11D0-8D11-00A0C91BC942}") = "NLtest", "NLtest\NLtest.vcxproj", "{8CFB5CFF-D752-4585-8270-955D12F22D2D}"
EndProject
Project("{8BC9CEB8-8B4A-11D0-8D11-00A0C91BC942}") = "GLTrace2", "GLTrace23a2\GLTrace2.vcxproj", "{21579528-6CD6-E662-39BE-1AF5A9B02680}"
EndProject
Global
	GlobalSection(SolutionConfigurationPlatforms) = preSolution
		Debug|Win32 = Debug|Win32
		Release|Win32 = Release|Win32
	EndGlobalSection
	GlobalSection(ProjectConfigurationPlatforms) = postSolution
		{8CFB5CFF-D752-4585-8270-955D12F22D2D}.Debug|Win32.ActiveCfg = Debug|Win32
		{8CFB5CFF-D752-4585-8270-955D12F22D2D}.Debug|Win32.Build.0 = Debug|Win32
		{8CFB5CFF-D752-4585-8270-955D12F22D2D}.Release|Win32.ActiveCfg = Release|Win32
		{8CFB5CFF-D752-4585-8270-955D12F22D2D}.Release|Win32.Build.0 = Release|Win32
		{21579528-6CD6-E662-39BE-1AF5A9B02680}.Debug|Win32.ActiveCfg = Debug|Win32
		{21579528-6CD6-E662-39BE-1AF5A9B02680}.Debug|Win32.Build.0 = Debug|Win32
		{21579528-6CD6-E662-39BE-1AF5A9B02680}.Release|Win32.ActiveCfg = Release|Win32
		{21579528-6CD6-E662-39BE-1AF5A9B02680}.Release|Win32.Build.0 = Release|Win32
	EndGlobalSection
	GlobalSection(SolutionProperties) = preSolution
		HideSolutionNode = FALSE
	EndGlobalSection
EndGlobal
